
Microsoft Visual Studio Solution File, Format Version 12.00
# Visual Studio Version 16
VisualStudioVersion = 16.0.30320.27
MinimumVisualStudioVersion = 10.0.40219.1
Project("{8BC9CEB8-8B4A-11D0-8D11-00A0C91BC942}") = "05_MyEighthProgram", "05_MyEighthProgram\05_MyEighthProgram.vcxproj", "{FC6F29CB-E759-4995-AAC3-46756146661C}"
EndProject
Global
	GlobalSection(SolutionConfigurationPlatforms) = preSolution
		Debug|x64 = Debug|x64
		Debug|x86 = Debug|x86
		Release|x64 = Release|x64
		Release|x86 = Release|x86
	EndGlobalSection
	GlobalSection(ProjectConfigurationPlatforms) = postSolution
		{FC6F29CB-E759-4995-AAC3-46756146661C}.Debug|x64.ActiveCfg = Debug|x64
		{FC6F29CB-E759-4995-AAC3-46756146661C}.Debug|x64.Build.0 = Debug|x64
		{FC6F29CB-E759-4995-AAC3-46756146661C}.Debug|x86.ActiveCfg = Debug|Win32
		{FC6F29CB-E759-4995-AAC3-46756146661C}.Debug|x86.Build.0 = Debug|Win32
		{FC6F29CB-E759-4995-AAC3-46756146661C}.Release|x64.ActiveCfg = Release|x64
		{FC6F29CB-E759-4995-AAC3-46756146661C}.Release|x64.Build.0 = Release|x64
		{FC6F29CB-E759-4995-AAC3-46756146661C}.Release|x86.ActiveCfg = Release|Win32
		{FC6F29CB-E759-4995-AAC3-46756146661C}.Release|x86.Build.0 = Release|Win32
	EndGlobalSection
	GlobalSection(SolutionProperties) = preSolution
		HideSolutionNode = FALSE
	EndGlobalSection
	GlobalSection(ExtensibilityGlobals) = postSolution
		SolutionGuid = {47239D32-6FBA-4D74-BAB0-88AABBCA5CF4}
	EndGlobalSection
EndGlobal
