
Microsoft Visual Studio Solution File, Format Version 12.00
# Visual Studio Version 16
VisualStudioVersion = 16.0.30320.27
MinimumVisualStudioVersion = 10.0.40219.1
Project("{8BC9CEB8-8B4A-11D0-8D11-00A0C91BC942}") = "Simple_Array_Sum", "Simple_Array_Sum.vcxproj", "{2360A2B0-AB6B-4CCA-88EB-D809EFFDD47A}"
EndProject
Global
	GlobalSection(SolutionConfigurationPlatforms) = preSolution
		Debug|x64 = Debug|x64
		Debug|x86 = Debug|x86
		Release|x64 = Release|x64
		Release|x86 = Release|x86
	EndGlobalSection
	GlobalSection(ProjectConfigurationPlatforms) = postSolution
		{2360A2B0-AB6B-4CCA-88EB-D809EFFDD47A}.Debug|x64.ActiveCfg = Debug|x64
		{2360A2B0-AB6B-4CCA-88EB-D809EFFDD47A}.Debug|x64.Build.0 = Debug|x64
		{2360A2B0-AB6B-4CCA-88EB-D809EFFDD47A}.Debug|x86.ActiveCfg = Debug|Win32
		{2360A2B0-AB6B-4CCA-88EB-D809EFFDD47A}.Debug|x86.Build.0 = Debug|Win32
		{2360A2B0-AB6B-4CCA-88EB-D809EFFDD47A}.Release|x64.ActiveCfg = Release|x64
		{2360A2B0-AB6B-4CCA-88EB-D809EFFDD47A}.Release|x64.Build.0 = Release|x64
		{2360A2B0-AB6B-4CCA-88EB-D809EFFDD47A}.Release|x86.ActiveCfg = Release|Win32
		{2360A2B0-AB6B-4CCA-88EB-D809EFFDD47A}.Release|x86.Build.0 = Release|Win32
	EndGlobalSection
	GlobalSection(SolutionProperties) = preSolution
		HideSolutionNode = FALSE
	EndGlobalSection
	GlobalSection(ExtensibilityGlobals) = postSolution
		SolutionGuid = {A38CB2EF-17A6-4A0C-9509-455BC2FB4BC8}
	EndGlobalSection
EndGlobal
